// !$*UTF8*$!
{
	archiveVersion = 1;
	classes = {
	};
	objectVersion = 48;
	objects = {

/* Begin PBXBuildFile section */
		DB9F5BEE2007101900B870EC /* AppDelegate.m in Sources */ = {isa = PBXBuildFile; fileRef = DB9F5BED2007101900B870EC /* AppDelegate.m */; };
		DB9F5BF12007101900B870EC /* ViewController.m in Sources */ = {isa = PBXBuildFile; fileRef = DB9F5BF02007101900B870EC /* ViewController.m */; };
		DB9F5BF42007101900B870EC /* Main.storyboard in Resources */ = {isa = PBXBuildFile; fileRef = DB9F5BF22007101900B870EC /* Main.storyboard */; };
		DB9F5BF62007101900B870EC /* Assets.xcassets in Resources */ = {isa = PBXBuildFile; fileRef = DB9F5BF52007101900B870EC /* Assets.xcassets */; };
		DB9F5BF92007101900B870EC /* LaunchScreen.storyboard in Resources */ = {isa = PBXBuildFile; fileRef = DB9F5BF72007101900B870EC /* LaunchScreen.storyboard */; };
		DB9F5BFC2007101900B870EC /* main.m in Sources */ = {isa = PBXBuildFile; fileRef = DB9F5BFB2007101900B870EC /* main.m */; };
		DB9F5C052007104100B870EC /* UIView+RITLBorder.m in Sources */ = {isa = PBXBuildFile; fileRef = DB9F5C042007104100B870EC /* UIView+RITLBorder.m */; };
		DB9F5C082007440300B870EC /* PreView.png in Resources */ = {isa = PBXBuildFile; fileRef = DB9F5C072007440200B870EC /* PreView.png */; };
/* End PBXBuildFile section */

/* Begin PBXFileReference section */
		DB9F5BE92007101900B870EC /* RITLBorder.app */ = {isa = PBXFileReference; explicitFileType = wrapper.application; includeInIndex = 0; path = RITLBorder.app; sourceTree = BUILT_PRODUCTS_DIR; };
		DB9F5BEC2007101900B870EC /* AppDelegate.h */ = {isa = PBXFileReference; lastKnownFileType = sourcecode.c.h; path = AppDelegate.h; sourceTree = "<group>"; };
		DB9F5BED2007101900B870EC /* AppDelegate.m */ = {isa = PBXFileReference; lastKnownFileType = sourcecode.c.objc; path = AppDelegate.m; sourceTree = "<group>"; };
		DB9F5BEF2007101900B870EC /* ViewController.h */ = {isa = PBXFileReference; lastKnownFileType = sourcecode.c.h; path = ViewController.h; sourceTree = "<group>"; };
		DB9F5BF02007101900B870EC /* ViewController.m */ = {isa = PBXFileReference; lastKnownFileType = sourcecode.c.objc; path = ViewController.m; sourceTree = "<group>"; };
		DB9F5BF32007101900B870EC /* Base */ = {isa = PBXFileReference; lastKnownFileType = file.storyboard; name = Base; path = Base.lproj/Main.storyboard; sourceTree = "<group>"; };
		DB9F5BF52007101900B870EC /* Assets.xcassets */ = {isa = PBXFileReference; lastKnownFileType = folder.assetcatalog; path = Assets.xcassets; sourceTree = "<group>"; };
		DB9F5BF82007101900B870EC /* Base */ = {isa = PBXFileReference; lastKnownFileType = file.storyboard; name = Base; path = Base.lproj/LaunchScreen.storyboard; sourceTree = "<group>"; };
		DB9F5BFA2007101900B870EC /* Info.plist */ = {isa = PBXFileReference; lastKnownFileType = text.plist.xml; path = Info.plist; sourceTree = "<group>"; };
		DB9F5BFB2007101900B870EC /* main.m */ = {isa = PBXFileReference; lastKnownFileType = sourcecode.c.objc; path = main.m; sourceTree = "<group>"; };
		DB9F5C032007104100B870EC /* UIView+RITLBorder.h */ = {isa = PBXFileReference; lastKnownFileType = sourcecode.c.h; path = "UIView+RITLBorder.h"; sourceTree = "<group>"; };
		DB9F5C042007104100B870EC /* UIView+RITLBorder.m */ = {isa = PBXFileReference; lastKnownFileType = sourcecode.c.objc; path = "UIView+RITLBorder.m"; sourceTree = "<group>"; };
		DB9F5C072007440200B870EC /* PreView.png */ = {isa = PBXFileReference; lastKnownFileType = image.png; path = PreView.png; sourceTree = "<group>"; };
/* End PBXFileReference section */

/* Begin PBXFrameworksBuildPhase section */
		DB9F5BE62007101900B870EC /* Frameworks */ = {
			isa = PBXFrameworksBuildPhase;
			buildActionMask = 2147483647;
			files = (
			);
			runOnlyForDeploymentPostprocessing = 0;
		};
/* End PBXFrameworksBuildPhase section */

/* Begin PBXGroup section */
		DB9F5BE02007101800B870EC = {
			isa = PBXGroup;
			children = (
				DB9F5BEB2007101900B870EC /* RITLBorder */,
				DB9F5BEA2007101900B870EC /* Products */,
			);
			sourceTree = "<group>";
		};
		DB9F5BEA2007101900B870EC /* Products */ = {
			isa = PBXGroup;
			children = (
				DB9F5BE92007101900B870EC /* RITLBorder.app */,
			);
			name = Products;
			sourceTree = "<group>";
		};
		DB9F5BEB2007101900B870EC /* RITLBorder */ = {
			isa = PBXGroup;
			children = (
				DB9F5C062007440200B870EC /* Assets */,
				DB9F5C022007102B00B870EC /* UIView+RITLBorder */,
				DB9F5BEC2007101900B870EC /* AppDelegate.h */,
				DB9F5BED2007101900B870EC /* AppDelegate.m */,
				DB9F5BEF2007101900B870EC /* ViewController.h */,
				DB9F5BF02007101900B870EC /* ViewController.m */,
				DB9F5BF22007101900B870EC /* Main.storyboard */,
				DB9F5BF52007101900B870EC /* Assets.xcassets */,
				DB9F5BF72007101900B870EC /* LaunchScreen.storyboard */,
				DB9F5BFA2007101900B870EC /* Info.plist */,
				DB9F5BFB2007101900B870EC /* main.m */,
			);
			path = RITLBorder;
			sourceTree = "<group>";
		};
		DB9F5C022007102B00B870EC /* UIView+RITLBorder */ = {
			isa = PBXGroup;
			children = (
				DB9F5C032007104100B870EC /* UIView+RITLBorder.h */,
				DB9F5C042007104100B870EC /* UIView+RITLBorder.m */,
			);
			path = "UIView+RITLBorder";
			sourceTree = SOURCE_ROOT;
		};
		DB9F5C062007440200B870EC /* Assets */ = {
			isa = PBXGroup;
			children = (
				DB9F5C072007440200B870EC /* PreView.png */,
			);
			path = Assets;
			sourceTree = SOURCE_ROOT;
		};
/* End PBXGroup section */

/* Begin PBXNativeTarget section */
		DB9F5BE82007101900B870EC /* RITLBorder */ = {
			isa = PBXNativeTarget;
			buildConfigurationList = DB9F5BFF2007101900B870EC /* Build configuration list for PBXNativeTarget "RITLBorder" */;
			buildPhases = (
				DB9F5BE52007101900B870EC /* Sources */,
				DB9F5BE62007101900B870EC /* Frameworks */,
				DB9F5BE72007101900B870EC /* Resources */,
			);
			buildRules = (
			);
			dependencies = (
			);
			name = RITLBorder;
			productName = RITLBorder;
			productReference = DB9F5BE92007101900B870EC /* RITLBorder.app */;
			productType = "com.apple.product-type.application";
		};
/* End PBXNativeTarget section */

/* Begin PBXProject section */
		DB9F5BE12007101800B870EC /* Project object */ = {
			isa = PBXProject;
			attributes = {
				LastUpgradeCheck = 0920;
				ORGANIZATIONNAME = YueWen;
				TargetAttributes = {
					DB9F5BE82007101900B870EC = {
						CreatedOnToolsVersion = 9.2;
						ProvisioningStyle = Automatic;
					};
				};
			};
			buildConfigurationList = DB9F5BE42007101800B870EC /* Build configuration list for PBXProject "RITLBorder" */;
			compatibilityVersion = "Xcode 8.0";
			developmentRegion = en;
			hasScannedForEncodings = 0;
			knownRegions = (
				en,
				Base,
			);
			mainGroup = DB9F5BE02007101800B870EC;
			productRefGroup = DB9F5BEA2007101900B870EC /* Products */;
			projectDirPath = "";
			projectRoot = "";
			targets = (
				DB9F5BE82007101900B870EC /* RITLBorder */,
			);
		};
/* End PBXProject section */

/* Begin PBXResourcesBuildPhase section */
		DB9F5BE72007101900B870EC /* Resources */ = {
			isa = PBXResourcesBuildPhase;
			buildActionMask = 2147483647;
			files = (
				DB9F5C082007440300B870EC /* PreView.png in Resources */,
				DB9F5BF92007101900B870EC /* LaunchScreen.storyboard in Resources */,
				DB9F5BF62007101900B870EC /* Assets.xcassets in Resources */,
				DB9F5BF42007101900B870EC /* Main.storyboard in Resources */,
			);
			runOnlyForDeploymentPostprocessing = 0;
		};
/* End PBXResourcesBuildPhase section */

/* Begin PBXSourcesBuildPhase section */
		DB9F5BE52007101900B870EC /* Sources */ = {
			isa = PBXSourcesBuildPhase;
			buildActionMask = 2147483647;
			files = (
				DB9F5BF12007101900B870EC /* ViewController.m in Sources */,
				DB9F5BFC2007101900B870EC /* main.m in Sources */,
				DB9F5BEE2007101900B870EC /* AppDelegate.m in Sources */,
				DB9F5C052007104100B870EC /* UIView+RITLBorder.m in Sources */,
			);
			runOnlyForDeploymentPostprocessing = 0;
		};
/* End PBXSourcesBuildPhase section */

/* Begin PBXVariantGroup section */
		DB9F5BF22007101900B870EC /* Main.storyboard */ = {
			isa = PBXVariantGroup;
			children = (
				DB9F5BF32007101900B870EC /* Base */,
			);
			name = Main.storyboard;
			sourceTree = "<group>";
		};
		DB9F5BF72007101900B870EC /* LaunchScreen.storyboard */ = {
			isa = PBXVariantGroup;
			children = (
				DB9F5BF82007101900B870EC /* Base */,
			);
			name = LaunchScreen.storyboard;
			sourceTree = "<group>";
		};
/* End PBXVariantGroup section */

/* Begin XCBuildConfiguration section */
		DB9F5BFD2007101900B870EC /* Debug */ = {
			isa = XCBuildConfiguration;
			buildSettings = {
				ALWAYS_SEARCH_USER_PATHS = NO;
				CLANG_ANALYZER_NONNULL = YES;
				CLANG_ANALYZER_NUMBER_OBJECT_CONVERSION = YES_AGGRESSIVE;
				CLANG_CXX_LANGUAGE_STANDARD = "gnu++14";
				CLANG_CXX_LIBRARY = "libc++";
				CLANG_ENABLE_MODULES = YES;
				CLANG_ENABLE_OBJC_ARC = YES;
				CLANG_WARN_BLOCK_CAPTURE_AUTORELEASING = YES;
				CLANG_WARN_BOOL_CONVERSION = YES;
				CLANG_WARN_COMMA = YES;
				CLANG_WARN_CONSTANT_CONVERSION = YES;
				CLANG_WARN_DIRECT_OBJC_ISA_USAGE = YES_ERROR;
				CLANG_WARN_DOCUMENTATION_COMMENTS = YES;
				CLANG_WARN_EMPTY_BODY = YES;
				CLANG_WARN_ENUM_CONVERSION = YES;
				CLANG_WARN_INFINITE_RECURSION = YES;
				CLANG_WARN_INT_CONVERSION = YES;
				CLANG_WARN_NON_LITERAL_NULL_CONVERSION = YES;
				CLANG_WARN_OBJC_LITERAL_CONVERSION = YES;
				CLANG_WARN_OBJC_ROOT_CLASS = YES_ERROR;
				CLANG_WARN_RANGE_LOOP_ANALYSIS = YES;
				CLANG_WARN_STRICT_PROTOTYPES = YES;
				CLANG_WARN_SUSPICIOUS_MOVE = YES;
				CLANG_WARN_UNGUARDED_AVAILABILITY = YES_AGGRESSIVE;
				CLANG_WARN_UNREACHABLE_CODE = YES;
				CLANG_WARN__DUPLICATE_METHOD_MATCH = YES;
				CODE_SIGN_IDENTITY = "iPhone Developer";
				COPY_PHASE_STRIP = NO;
				DEBUG_INFORMATION_FORMAT = dwarf;
				ENABLE_STRICT_OBJC_MSGSEND = YES;
				ENABLE_TESTABILITY = YES;
				GCC_C_LANGUAGE_STANDARD = gnu11;
				GCC_DYNAMIC_NO_PIC = NO;
				GCC_NO_COMMON_BLOCKS = YES;
				GCC_OPTIMIZATION_LEVEL = 0;
				GCC_PREPROCESSOR_DEFINITIONS = (
					"DEBUG=1",
					"$(inherited)",
				);
				GCC_WARN_64_TO_32_BIT_CONVERSION = YES;
				GCC_WARN_ABOUT_RETURN_TYPE = YES_ERROR;
				GCC_WARN_UNDECLARED_SELECTOR = YES;
				GCC_WARN_UNINITIALIZED_AUTOS = YES_AGGRESSIVE;
				GCC_WARN_UNUSED_FUNCTION = YES;
				GCC_WARN_UNUSED_VARIABLE = YES;
				IPHONEOS_DEPLOYMENT_TARGET = 11.2;
				MTL_ENABLE_DEBUG_INFO = YES;
				ONLY_ACTIVE_ARCH = YES;
				SDKROOT = iphoneos;
			};
			name = Debug;
		};
		DB9F5BFE2007101900B870EC /* Release */ = {
			isa = XCBuildConfiguration;
			buildSettings = {
				ALWAYS_SEARCH_USER_PATHS = NO;
				CLANG_ANALYZER_NONNULL = YES;
				CLANG_ANALYZER_NUMBER_OBJECT_CONVERSION = YES_AGGRESSIVE;
				CLANG_CXX_LANGUAGE_STANDARD = "gnu++14";
				CLANG_CXX_LIBRARY = "libc++";
				CLANG_ENABLE_MODULES = YES;
				CLANG_ENABLE_OBJC_ARC = YES;
				CLANG_WARN_BLOCK_CAPTURE_AUTORELEASING = YES;
				CLANG_WARN_BOOL_CONVERSION = YES;
				CLANG_WARN_COMMA = YES;
				CLANG_WARN_CONSTANT_CONVERSION = YES;
				CLANG_WARN_DIRECT_OBJC_ISA_USAGE = YES_ERROR;
				CLANG_WARN_DOCUMENTATION_COMMENTS = YES;
				CLANG_WARN_EMPTY_BODY = YES;
				CLANG_WARN_ENUM_CONVERSION = YES;
				CLANG_WARN_INFINITE_RECURSION = YES;
				CLANG_WARN_INT_CONVERSION = YES;
				CLANG_WARN_NON_LITERAL_NULL_CONVERSION = YES;
				CLANG_WARN_OBJC_LITERAL_CONVERSION = YES;
				CLANG_WARN_OBJC_ROOT_CLASS = YES_ERROR;
				CLANG_WARN_RANGE_LOOP_ANALYSIS = YES;
				CLANG_WARN_STRICT_PROTOTYPES = YES;
				CLANG_WARN_SUSPICIOUS_MOVE = YES;
				CLANG_WARN_UNGUARDED_AVAILABILITY = YES_AGGRESSIVE;
				CLANG_WARN_UNREACHABLE_CODE = YES;
				CLANG_WARN__DUPLICATE_METHOD_MATCH = YES;
				CODE_SIGN_IDENTITY = "iPhone Developer";
				COPY_PHASE_STRIP = NO;
				DEBUG_INFORMATION_FORMAT = "dwarf-with-dsym";
				ENABLE_NS_ASSERTIONS = NO;
				ENABLE_STRICT_OBJC_MSGSEND = YES;
				GCC_C_LANGUAGE_STANDARD = gnu11;
				GCC_NO_COMMON_BLOCKS = YES;
				GCC_WARN_64_TO_32_BIT_CONVERSION = YES;
				GCC_WARN_ABOUT_RETURN_TYPE = YES_ERROR;
				GCC_WARN_UNDECLARED_SELECTOR = YES;
				GCC_WARN_UNINITIALIZED_AUTOS = YES_AGGRESSIVE;
				GCC_WARN_UNUSED_FUNCTION = YES;
				GCC_WARN_UNUSED_VARIABLE = YES;
				IPHONEOS_DEPLOYMENT_TARGET = 11.2;
				MTL_ENABLE_DEBUG_INFO = NO;
				SDKROOT = iphoneos;
				VALIDATE_PRODUCT = YES;
			};
			name = Release;
		};
		DB9F5C002007101900B870EC /* Debug */ = {
			isa = XCBuildConfiguration;
			buildSettings = {
				ASSETCATALOG_COMPILER_APPICON_NAME = AppIcon;
				CODE_SIGN_STYLE = Automatic;
				DEVELOPMENT_TEAM = 8S4NWFZC5J;
				INFOPLIST_FILE = RITLBorder/Info.plist;
				IPHONEOS_DEPLOYMENT_TARGET = 9.0;
				LD_RUNPATH_SEARCH_PATHS = "$(inherited) @executable_path/Frameworks";
				PRODUCT_BUNDLE_IDENTIFIER = com.yue.RITLBorder;
				PRODUCT_NAME = "$(TARGET_NAME)";
				TARGETED_DEVICE_FAMILY = "1,2";
			};
			name = Debug;
		};
		DB9F5C012007101900B870EC /* Release */ = {
			isa = XCBuildConfiguration;
			buildSettings = {
				ASSETCATALOG_COMPILER_APPICON_NAME = AppIcon;
				CODE_SIGN_STYLE = Automatic;
				DEVELOPMENT_TEAM = 8S4NWFZC5J;
				INFOPLIST_FILE = RITLBorder/Info.plist;
				IPHONEOS_DEPLOYMENT_TARGET = 9.0;
				LD_RUNPATH_SEARCH_PATHS = "$(inherited) @executable_path/Frameworks";
				PRODUCT_BUNDLE_IDENTIFIER = com.yue.RITLBorder;
				PRODUCT_NAME = "$(TARGET_NAME)";
				TARGETED_DEVICE_FAMILY = "1,2";
			};
			name = Release;
		};
/* End XCBuildConfiguration section */

/* Begin XCConfigurationList section */
		DB9F5BE42007101800B870EC /* Build configuration list for PBXProject "RITLBorder" */ = {
			isa = XCConfigurationList;
			buildConfigurations = (
				DB9F5BFD2007101900B870EC /* Debug */,
				DB9F5BFE2007101900B870EC /* Release */,
			);
			defaultConfigurationIsVisible = 0;
			defaultConfigurationName = Release;
		};
		DB9F5BFF2007101900B870EC /* Build configuration list for PBXNativeTarget "RITLBorder" */ = {
			isa = XCConfigurationList;
			buildConfigurations = (
				DB9F5C002007101900B870EC /* Debug */,
				DB9F5C012007101900B870EC /* Release */,
			);
			defaultConfigurationIsVisible = 0;
			defaultConfigurationName = Release;
		};
/* End XCConfigurationList section */
	};
	rootObject = DB9F5BE12007101800B870EC /* Project object */;
}
